
Microsoft Visual Studio Solution File, Format Version 12.00
# Visual Studio Version 17
VisualStudioVersion = 17.14.36310.24 d17.14
MinimumVisualStudioVersion = 10.0.40219.1
Project("{FAE04EC0-301F-11D3-BF4B-00C04F79EFBC}") = "ConsoleApp1", "ConsoleApp1.csproj", "{9A9BE54B-A098-46D4-A983-173E754FAA45}"
EndProject
Global
	GlobalSection(SolutionConfigurationPlatforms) = preSolution
		Debug|Any CPU = Debug|Any CPU
		Release|Any CPU = Release|Any CPU
	EndGlobalSection
	GlobalSection(ProjectConfigurationPlatforms) = postSolution
		{9A9BE54B-A098-46D4-A983-173E754FAA45}.Debug|Any CPU.ActiveCfg = Debug|Any CPU
		{9A9BE54B-A098-46D4-A983-173E754FAA45}.Debug|Any CPU.Build.0 = Debug|Any CPU
		{9A9BE54B-A098-46D4-A983-173E754FAA45}.Release|Any CPU.ActiveCfg = Release|Any CPU
		{9A9BE54B-A098-46D4-A983-173E754FAA45}.Release|Any CPU.Build.0 = Release|Any CPU
	EndGlobalSection
	GlobalSection(SolutionProperties) = preSolution
		HideSolutionNode = FALSE
	EndGlobalSection
	GlobalSection(ExtensibilityGlobals) = postSolution
		SolutionGuid = {17586F59-07DA-4F75-A7AF-3080381880ED}
	EndGlobalSection
EndGlobal
